
Microsoft Visual Studio Solution File, Format Version 12.00
# Visual Studio Version 17
VisualStudioVersion = 17.7.34024.191
MinimumVisualStudioVersion = 10.0.40219.1
Project("{FAE04EC0-301F-11D3-BF4B-00C04F79EFBC}") = "Калькулятор", "Калькулятор\Калькулятор.csproj", "{04751281-DECA-46F3-8F8F-5E089C2A7CE6}"
EndProject
Global
	GlobalSection(SolutionConfigurationPlatforms) = preSolution
		Debug|Any CPU = Debug|Any CPU
		Release|Any CPU = Release|Any CPU
	EndGlobalSection
	GlobalSection(ProjectConfigurationPlatforms) = postSolution
		{04751281-DECA-46F3-8F8F-5E089C2A7CE6}.Debug|Any CPU.ActiveCfg = Debug|Any CPU
		{04751281-DECA-46F3-8F8F-5E089C2A7CE6}.Debug|Any CPU.Build.0 = Debug|Any CPU
		{04751281-DECA-46F3-8F8F-5E089C2A7CE6}.Release|Any CPU.ActiveCfg = Release|Any CPU
		{04751281-DECA-46F3-8F8F-5E089C2A7CE6}.Release|Any CPU.Build.0 = Release|Any CPU
	EndGlobalSection
	GlobalSection(SolutionProperties) = preSolution
		HideSolutionNode = FALSE
	EndGlobalSection
	GlobalSection(ExtensibilityGlobals) = postSolution
		SolutionGuid = {84D61EA9-E4CD-4172-AC10-D22D4F4F0E80}
	EndGlobalSection
EndGlobal
